
Microsoft Visual Studio Solution File, Format Version 12.00
# Visual Studio 2013
Project("{FAE04EC0-301F-11D3-BF4B-00C04F79EFBC}") = "UnityVS.ponglike.CSharp", "UnityVS.ponglike.CSharp.csproj", "{AE262014-660A-DD0E-C60B-41C3CA226595}"
EndProject
Global
	GlobalSection(SolutionConfigurationPlatforms) = preSolution
		Debug|Any CPU = Debug|Any CPU
		Release|Any CPU = Release|Any CPU
	EndGlobalSection
	GlobalSection(ProjectConfigurationPlatforms) = postSolution
		{AE262014-660A-DD0E-C60B-41C3CA226595}.Debug|Any CPU.ActiveCfg = Debug|Any CPU
		{AE262014-660A-DD0E-C60B-41C3CA226595}.Debug|Any CPU.Build.0 = Debug|Any CPU
		{AE262014-660A-DD0E-C60B-41C3CA226595}.Release|Any CPU.ActiveCfg = Release|Any CPU
		{AE262014-660A-DD0E-C60B-41C3CA226595}.Release|Any CPU.Build.0 = Release|Any CPU
	EndGlobalSection
	GlobalSection(SolutionProperties) = preSolution
		HideSolutionNode = FALSE
	EndGlobalSection
EndGlobal
